// !$*UTF8*$!
{
	archiveVersion = 1;
	classes = {
	};
	objectVersion = 55;
	objects = {

/* Begin PBXBuildFile section */
		3FE8518A289F267D000A1257 /* PetJournalApp.swift in Sources */ = {isa = PBXBuildFile; fileRef = 3FE85189289F267D000A1257 /* PetJournalApp.swift */; };
		3FE8518C289F267D000A1257 /* ContentView.swift in Sources */ = {isa = PBXBuildFile; fileRef = 3FE8518B289F267D000A1257 /* ContentView.swift */; };
		3FE8518E289F267E000A1257 /* Assets.xcassets in Resources */ = {isa = PBXBuildFile; fileRef = 3FE8518D289F267E000A1257 /* Assets.xcassets */; };
		3FE85191289F267E000A1257 /* Preview Assets.xcassets in Resources */ = {isa = PBXBuildFile; fileRef = 3FE85190289F267E000A1257 /* Preview Assets.xcassets */; };
		3FE85199289F26D9000A1257 /* WelcomeView.swift in Sources */ = {isa = PBXBuildFile; fileRef = 3FE85198289F26D9000A1257 /* WelcomeView.swift */; };
		3FE8519B289F26FF000A1257 /* myColors.swift in Sources */ = {isa = PBXBuildFile; fileRef = 3FE8519A289F26FF000A1257 /* myColors.swift */; };
		3FE8519D289F2778000A1257 /* BottomTextView.swift in Sources */ = {isa = PBXBuildFile; fileRef = 3FE8519C289F2778000A1257 /* BottomTextView.swift */; };
		3FE8519F289F27D0000A1257 /* testView.swift in Sources */ = {isa = PBXBuildFile; fileRef = 3FE8519E289F27D0000A1257 /* testView.swift */; };
		3FE851A2289F286C000A1257 /* testViewModel.swift in Sources */ = {isa = PBXBuildFile; fileRef = 3FE851A1289F286C000A1257 /* testViewModel.swift */; };
		3FE851A5289F2903000A1257 /* Journal.swift in Sources */ = {isa = PBXBuildFile; fileRef = 3FE851A4289F2903000A1257 /* Journal.swift */; };
		3FE851A7289F293C000A1257 /* Entry.swift in Sources */ = {isa = PBXBuildFile; fileRef = 3FE851A6289F293C000A1257 /* Entry.swift */; };
		3FE851A9289F2A06000A1257 /* moon.jpeg in Resources */ = {isa = PBXBuildFile; fileRef = 3FE851A8289F2A06000A1257 /* moon.jpeg */; };
/* End PBXBuildFile section */

/* Begin PBXFileReference section */
		3FE85186289F267D000A1257 /* PetJournal.app */ = {isa = PBXFileReference; explicitFileType = wrapper.application; includeInIndex = 0; path = PetJournal.app; sourceTree = BUILT_PRODUCTS_DIR; };
		3FE85189289F267D000A1257 /* PetJournalApp.swift */ = {isa = PBXFileReference; lastKnownFileType = sourcecode.swift; path = PetJournalApp.swift; sourceTree = "<group>"; };
		3FE8518B289F267D000A1257 /* ContentView.swift */ = {isa = PBXFileReference; lastKnownFileType = sourcecode.swift; path = ContentView.swift; sourceTree = "<group>"; };
		3FE8518D289F267E000A1257 /* Assets.xcassets */ = {isa = PBXFileReference; lastKnownFileType = folder.assetcatalog; path = Assets.xcassets; sourceTree = "<group>"; };
		3FE85190289F267E000A1257 /* Preview Assets.xcassets */ = {isa = PBXFileReference; lastKnownFileType = folder.assetcatalog; path = "Preview Assets.xcassets"; sourceTree = "<group>"; };
		3FE85198289F26D9000A1257 /* WelcomeView.swift */ = {isa = PBXFileReference; lastKnownFileType = sourcecode.swift; path = WelcomeView.swift; sourceTree = "<group>"; };
		3FE8519A289F26FF000A1257 /* myColors.swift */ = {isa = PBXFileReference; lastKnownFileType = sourcecode.swift; path = myColors.swift; sourceTree = "<group>"; };
		3FE8519C289F2778000A1257 /* BottomTextView.swift */ = {isa = PBXFileReference; lastKnownFileType = sourcecode.swift; path = BottomTextView.swift; sourceTree = "<group>"; };
		3FE8519E289F27D0000A1257 /* testView.swift */ = {isa = PBXFileReference; lastKnownFileType = sourcecode.swift; path = testView.swift; sourceTree = "<group>"; };
		3FE851A1289F286C000A1257 /* testViewModel.swift */ = {isa = PBXFileReference; lastKnownFileType = sourcecode.swift; path = testViewModel.swift; sourceTree = "<group>"; };
		3FE851A4289F2903000A1257 /* Journal.swift */ = {isa = PBXFileReference; lastKnownFileType = sourcecode.swift; path = Journal.swift; sourceTree = "<group>"; };
		3FE851A6289F293C000A1257 /* Entry.swift */ = {isa = PBXFileReference; lastKnownFileType = sourcecode.swift; path = Entry.swift; sourceTree = "<group>"; };
		3FE851A8289F2A06000A1257 /* moon.jpeg */ = {isa = PBXFileReference; lastKnownFileType = image.jpeg; name = moon.jpeg; path = ../../../../Desktop/moon.jpeg; sourceTree = "<group>"; };
/* End PBXFileReference section */

/* Begin PBXFrameworksBuildPhase section */
		3FE85183289F267D000A1257 /* Frameworks */ = {
			isa = PBXFrameworksBuildPhase;
			buildActionMask = 2147483647;
			files = (
			);
			runOnlyForDeploymentPostprocessing = 0;
		};
/* End PBXFrameworksBuildPhase section */

/* Begin PBXGroup section */
		3FE8517D289F267D000A1257 = {
			isa = PBXGroup;
			children = (
				3FE85188289F267D000A1257 /* PetJournal */,
				3FE85187289F267D000A1257 /* Products */,
			);
			sourceTree = "<group>";
		};
		3FE85187289F267D000A1257 /* Products */ = {
			isa = PBXGroup;
			children = (
				3FE85186289F267D000A1257 /* PetJournal.app */,
			);
			name = Products;
			sourceTree = "<group>";
		};
		3FE85188289F267D000A1257 /* PetJournal */ = {
			isa = PBXGroup;
			children = (
				3FE851A8289F2A06000A1257 /* moon.jpeg */,
				3FE851A3289F28F5000A1257 /* Models */,
				3FE851A0289F2840000A1257 /* ViewModels */,
				3FE85197289F26B7000A1257 /* Views */,
				3FE85189289F267D000A1257 /* PetJournalApp.swift */,
				3FE8518D289F267E000A1257 /* Assets.xcassets */,
				3FE8518F289F267E000A1257 /* Preview Content */,
			);
			path = PetJournal;
			sourceTree = "<group>";
		};
		3FE8518F289F267E000A1257 /* Preview Content */ = {
			isa = PBXGroup;
			children = (
				3FE85190289F267E000A1257 /* Preview Assets.xcassets */,
			);
			path = "Preview Content";
			sourceTree = "<group>";
		};
		3FE85197289F26B7000A1257 /* Views */ = {
			isa = PBXGroup;
			children = (
				3FE85198289F26D9000A1257 /* WelcomeView.swift */,
				3FE8519E289F27D0000A1257 /* testView.swift */,
				3FE8519A289F26FF000A1257 /* myColors.swift */,
				3FE8519C289F2778000A1257 /* BottomTextView.swift */,
				3FE8518B289F267D000A1257 /* ContentView.swift */,
			);
			path = Views;
			sourceTree = "<group>";
		};
		3FE851A0289F2840000A1257 /* ViewModels */ = {
			isa = PBXGroup;
			children = (
				3FE851A1289F286C000A1257 /* testViewModel.swift */,
			);
			path = ViewModels;
			sourceTree = "<group>";
		};
		3FE851A3289F28F5000A1257 /* Models */ = {
			isa = PBXGroup;
			children = (
				3FE851A4289F2903000A1257 /* Journal.swift */,
				3FE851A6289F293C000A1257 /* Entry.swift */,
			);
			path = Models;
			sourceTree = "<group>";
		};
/* End PBXGroup section */

/* Begin PBXNativeTarget section */
		3FE85185289F267D000A1257 /* PetJournal */ = {
			isa = PBXNativeTarget;
			buildConfigurationList = 3FE85194289F267E000A1257 /* Build configuration list for PBXNativeTarget "PetJournal" */;
			buildPhases = (
				3FE85182289F267D000A1257 /* Sources */,
				3FE85183289F267D000A1257 /* Frameworks */,
				3FE85184289F267D000A1257 /* Resources */,
			);
			buildRules = (
			);
			dependencies = (
			);
			name = PetJournal;
			productName = PetJournal;
			productReference = 3FE85186289F267D000A1257 /* PetJournal.app */;
			productType = "com.apple.product-type.application";
		};
/* End PBXNativeTarget section */

/* Begin PBXProject section */
		3FE8517E289F267D000A1257 /* Project object */ = {
			isa = PBXProject;
			attributes = {
				BuildIndependentTargetsInParallel = 1;
				LastSwiftUpdateCheck = 1340;
				LastUpgradeCheck = 1340;
				TargetAttributes = {
					3FE85185289F267D000A1257 = {
						CreatedOnToolsVersion = 13.4.1;
					};
				};
			};
			buildConfigurationList = 3FE85181289F267D000A1257 /* Build configuration list for PBXProject "PetJournal" */;
			compatibilityVersion = "Xcode 13.0";
			developmentRegion = en;
			hasScannedForEncodings = 0;
			knownRegions = (
				en,
				Base,
			);
			mainGroup = 3FE8517D289F267D000A1257;
			productRefGroup = 3FE85187289F267D000A1257 /* Products */;
			projectDirPath = "";
			projectRoot = "";
			targets = (
				3FE85185289F267D000A1257 /* PetJournal */,
			);
		};
/* End PBXProject section */

/* Begin PBXResourcesBuildPhase section */
		3FE85184289F267D000A1257 /* Resources */ = {
			isa = PBXResourcesBuildPhase;
			buildActionMask = 2147483647;
			files = (
				3FE85191289F267E000A1257 /* Preview Assets.xcassets in Resources */,
				3FE8518E289F267E000A1257 /* Assets.xcassets in Resources */,
				3FE851A9289F2A06000A1257 /* moon.jpeg in Resources */,
			);
			runOnlyForDeploymentPostprocessing = 0;
		};
/* End PBXResourcesBuildPhase section */

/* Begin PBXSourcesBuildPhase section */
		3FE85182289F267D000A1257 /* Sources */ = {
			isa = PBXSourcesBuildPhase;
			buildActionMask = 2147483647;
			files = (
				3FE8518C289F267D000A1257 /* ContentView.swift in Sources */,
				3FE8519B289F26FF000A1257 /* myColors.swift in Sources */,
				3FE8519F289F27D0000A1257 /* testView.swift in Sources */,
				3FE851A5289F2903000A1257 /* Journal.swift in Sources */,
				3FE851A2289F286C000A1257 /* testViewModel.swift in Sources */,
				3FE85199289F26D9000A1257 /* WelcomeView.swift in Sources */,
				3FE851A7289F293C000A1257 /* Entry.swift in Sources */,
				3FE8518A289F267D000A1257 /* PetJournalApp.swift in Sources */,
				3FE8519D289F2778000A1257 /* BottomTextView.swift in Sources */,
			);
			runOnlyForDeploymentPostprocessing = 0;
		};
/* End PBXSourcesBuildPhase section */

/* Begin XCBuildConfiguration section */
		3FE85192289F267E000A1257 /* Debug */ = {
			isa = XCBuildConfiguration;
			buildSettings = {
				ALWAYS_SEARCH_USER_PATHS = NO;
				CLANG_ANALYZER_NONNULL = YES;
				CLANG_ANALYZER_NUMBER_OBJECT_CONVERSION = YES_AGGRESSIVE;
				CLANG_CXX_LANGUAGE_STANDARD = "gnu++17";
				CLANG_ENABLE_MODULES = YES;
				CLANG_ENABLE_OBJC_ARC = YES;
				CLANG_ENABLE_OBJC_WEAK = YES;
				CLANG_WARN_BLOCK_CAPTURE_AUTORELEASING = YES;
				CLANG_WARN_BOOL_CONVERSION = YES;
				CLANG_WARN_COMMA = YES;
				CLANG_WARN_CONSTANT_CONVERSION = YES;
				CLANG_WARN_DEPRECATED_OBJC_IMPLEMENTATIONS = YES;
				CLANG_WARN_DIRECT_OBJC_ISA_USAGE = YES_ERROR;
				CLANG_WARN_DOCUMENTATION_COMMENTS = YES;
				CLANG_WARN_EMPTY_BODY = YES;
				CLANG_WARN_ENUM_CONVERSION = YES;
				CLANG_WARN_INFINITE_RECURSION = YES;
				CLANG_WARN_INT_CONVERSION = YES;
				CLANG_WARN_NON_LITERAL_NULL_CONVERSION = YES;
				CLANG_WARN_OBJC_IMPLICIT_RETAIN_SELF = YES;
				CLANG_WARN_OBJC_LITERAL_CONVERSION = YES;
				CLANG_WARN_OBJC_ROOT_CLASS = YES_ERROR;
				CLANG_WARN_QUOTED_INCLUDE_IN_FRAMEWORK_HEADER = YES;
				CLANG_WARN_RANGE_LOOP_ANALYSIS = YES;
				CLANG_WARN_STRICT_PROTOTYPES = YES;
				CLANG_WARN_SUSPICIOUS_MOVE = YES;
				CLANG_WARN_UNGUARDED_AVAILABILITY = YES_AGGRESSIVE;
				CLANG_WARN_UNREACHABLE_CODE = YES;
				CLANG_WARN__DUPLICATE_METHOD_MATCH = YES;
				COPY_PHASE_STRIP = NO;
				DEBUG_INFORMATION_FORMAT = dwarf;
				ENABLE_STRICT_OBJC_MSGSEND = YES;
				ENABLE_TESTABILITY = YES;
				GCC_C_LANGUAGE_STANDARD = gnu11;
				GCC_DYNAMIC_NO_PIC = NO;
				GCC_NO_COMMON_BLOCKS = YES;
				GCC_OPTIMIZATION_LEVEL = 0;
				GCC_PREPROCESSOR_DEFINITIONS = (
					"DEBUG=1",
					"$(inherited)",
				);
				GCC_WARN_64_TO_32_BIT_CONVERSION = YES;
				GCC_WARN_ABOUT_RETURN_TYPE = YES_ERROR;
				GCC_WARN_UNDECLARED_SELECTOR = YES;
				GCC_WARN_UNINITIALIZED_AUTOS = YES_AGGRESSIVE;
				GCC_WARN_UNUSED_FUNCTION = YES;
				GCC_WARN_UNUSED_VARIABLE = YES;
				IPHONEOS_DEPLOYMENT_TARGET = 15.5;
				MTL_ENABLE_DEBUG_INFO = INCLUDE_SOURCE;
				MTL_FAST_MATH = YES;
				ONLY_ACTIVE_ARCH = YES;
				SDKROOT = iphoneos;
				SWIFT_ACTIVE_COMPILATION_CONDITIONS = DEBUG;
				SWIFT_OPTIMIZATION_LEVEL = "-Onone";
			};
			name = Debug;
		};
		3FE85193289F267E000A1257 /* Release */ = {
			isa = XCBuildConfiguration;
			buildSettings = {
				ALWAYS_SEARCH_USER_PATHS = NO;
				CLANG_ANALYZER_NONNULL = YES;
				CLANG_ANALYZER_NUMBER_OBJECT_CONVERSION = YES_AGGRESSIVE;
				CLANG_CXX_LANGUAGE_STANDARD = "gnu++17";
				CLANG_ENABLE_MODULES = YES;
				CLANG_ENABLE_OBJC_ARC = YES;
				CLANG_ENABLE_OBJC_WEAK = YES;
				CLANG_WARN_BLOCK_CAPTURE_AUTORELEASING = YES;
				CLANG_WARN_BOOL_CONVERSION = YES;
				CLANG_WARN_COMMA = YES;
				CLANG_WARN_CONSTANT_CONVERSION = YES;
				CLANG_WARN_DEPRECATED_OBJC_IMPLEMENTATIONS = YES;
				CLANG_WARN_DIRECT_OBJC_ISA_USAGE = YES_ERROR;
				CLANG_WARN_DOCUMENTATION_COMMENTS = YES;
				CLANG_WARN_EMPTY_BODY = YES;
				CLANG_WARN_ENUM_CONVERSION = YES;
				CLANG_WARN_INFINITE_RECURSION = YES;
				CLANG_WARN_INT_CONVERSION = YES;
				CLANG_WARN_NON_LITERAL_NULL_CONVERSION = YES;
				CLANG_WARN_OBJC_IMPLICIT_RETAIN_SELF = YES;
				CLANG_WARN_OBJC_LITERAL_CONVERSION = YES;
				CLANG_WARN_OBJC_ROOT_CLASS = YES_ERROR;
				CLANG_WARN_QUOTED_INCLUDE_IN_FRAMEWORK_HEADER = YES;
				CLANG_WARN_RANGE_LOOP_ANALYSIS = YES;
				CLANG_WARN_STRICT_PROTOTYPES = YES;
				CLANG_WARN_SUSPICIOUS_MOVE = YES;
				CLANG_WARN_UNGUARDED_AVAILABILITY = YES_AGGRESSIVE;
				CLANG_WARN_UNREACHABLE_CODE = YES;
				CLANG_WARN__DUPLICATE_METHOD_MATCH = YES;
				COPY_PHASE_STRIP = NO;
				DEBUG_INFORMATION_FORMAT = "dwarf-with-dsym";
				ENABLE_NS_ASSERTIONS = NO;
				ENABLE_STRICT_OBJC_MSGSEND = YES;
				GCC_C_LANGUAGE_STANDARD = gnu11;
				GCC_NO_COMMON_BLOCKS = YES;
				GCC_WARN_64_TO_32_BIT_CONVERSION = YES;
				GCC_WARN_ABOUT_RETURN_TYPE = YES_ERROR;
				GCC_WARN_UNDECLARED_SELECTOR = YES;
				GCC_WARN_UNINITIALIZED_AUTOS = YES_AGGRESSIVE;
				GCC_WARN_UNUSED_FUNCTION = YES;
				GCC_WARN_UNUSED_VARIABLE = YES;
				IPHONEOS_DEPLOYMENT_TARGET = 15.5;
				MTL_ENABLE_DEBUG_INFO = NO;
				MTL_FAST_MATH = YES;
				SDKROOT = iphoneos;
				SWIFT_COMPILATION_MODE = wholemodule;
				SWIFT_OPTIMIZATION_LEVEL = "-O";
				VALIDATE_PRODUCT = YES;
			};
			name = Release;
		};
		3FE85195289F267E000A1257 /* Debug */ = {
			isa = XCBuildConfiguration;
			buildSettings = {
				ASSETCATALOG_COMPILER_APPICON_NAME = AppIcon;
				ASSETCATALOG_COMPILER_GLOBAL_ACCENT_COLOR_NAME = AccentColor;
				CODE_SIGN_STYLE = Automatic;
				CURRENT_PROJECT_VERSION = 1;
				DEVELOPMENT_ASSET_PATHS = "\"PetJournal/Preview Content\"";
				ENABLE_PREVIEWS = YES;
				GENERATE_INFOPLIST_FILE = YES;
				INFOPLIST_KEY_UIApplicationSceneManifest_Generation = YES;
				INFOPLIST_KEY_UIApplicationSupportsIndirectInputEvents = YES;
				INFOPLIST_KEY_UILaunchScreen_Generation = YES;
				INFOPLIST_KEY_UISupportedInterfaceOrientations_iPad = "UIInterfaceOrientationPortrait UIInterfaceOrientationPortraitUpsideDown UIInterfaceOrientationLandscapeLeft UIInterfaceOrientationLandscapeRight";
				INFOPLIST_KEY_UISupportedInterfaceOrientations_iPhone = "UIInterfaceOrientationPortrait UIInterfaceOrientationLandscapeLeft UIInterfaceOrientationLandscapeRight";
				LD_RUNPATH_SEARCH_PATHS = (
					"$(inherited)",
					"@executable_path/Frameworks",
				);
				MARKETING_VERSION = 1.0;
				PRODUCT_BUNDLE_IDENTIFIER = Lana.PetJournal;
				PRODUCT_NAME = "$(TARGET_NAME)";
				SWIFT_EMIT_LOC_STRINGS = YES;
				SWIFT_VERSION = 5.0;
				TARGETED_DEVICE_FAMILY = "1,2";
			};
			name = Debug;
		};
		3FE85196289F267E000A1257 /* Release */ = {
			isa = XCBuildConfiguration;
			buildSettings = {
				ASSETCATALOG_COMPILER_APPICON_NAME = AppIcon;
				ASSETCATALOG_COMPILER_GLOBAL_ACCENT_COLOR_NAME = AccentColor;
				CODE_SIGN_STYLE = Automatic;
				CURRENT_PROJECT_VERSION = 1;
				DEVELOPMENT_ASSET_PATHS = "\"PetJournal/Preview Content\"";
				ENABLE_PREVIEWS = YES;
				GENERATE_INFOPLIST_FILE = YES;
				INFOPLIST_KEY_UIApplicationSceneManifest_Generation = YES;
				INFOPLIST_KEY_UIApplicationSupportsIndirectInputEvents = YES;
				INFOPLIST_KEY_UILaunchScreen_Generation = YES;
				INFOPLIST_KEY_UISupportedInterfaceOrientations_iPad = "UIInterfaceOrientationPortrait UIInterfaceOrientationPortraitUpsideDown UIInterfaceOrientationLandscapeLeft UIInterfaceOrientationLandscapeRight";
				INFOPLIST_KEY_UISupportedInterfaceOrientations_iPhone = "UIInterfaceOrientationPortrait UIInterfaceOrientationLandscapeLeft UIInterfaceOrientationLandscapeRight";
				LD_RUNPATH_SEARCH_PATHS = (
					"$(inherited)",
					"@executable_path/Frameworks",
				);
				MARKETING_VERSION = 1.0;
				PRODUCT_BUNDLE_IDENTIFIER = Lana.PetJournal;
				PRODUCT_NAME = "$(TARGET_NAME)";
				SWIFT_EMIT_LOC_STRINGS = YES;
				SWIFT_VERSION = 5.0;
				TARGETED_DEVICE_FAMILY = "1,2";
			};
			name = Release;
		};
/* End XCBuildConfiguration section */

/* Begin XCConfigurationList section */
		3FE85181289F267D000A1257 /* Build configuration list for PBXProject "PetJournal" */ = {
			isa = XCConfigurationList;
			buildConfigurations = (
				3FE85192289F267E000A1257 /* Debug */,
				3FE85193289F267E000A1257 /* Release */,
			);
			defaultConfigurationIsVisible = 0;
			defaultConfigurationName = Release;
		};
		3FE85194289F267E000A1257 /* Build configuration list for PBXNativeTarget "PetJournal" */ = {
			isa = XCConfigurationList;
			buildConfigurations = (
				3FE85195289F267E000A1257 /* Debug */,
				3FE85196289F267E000A1257 /* Release */,
			);
			defaultConfigurationIsVisible = 0;
			defaultConfigurationName = Release;
		};
/* End XCConfigurationList section */
	};
	rootObject = 3FE8517E289F267D000A1257 /* Project object */;
}
